
Microsoft Visual Studio Solution File, Format Version 12.00
# Visual Studio Version 17
VisualStudioVersion = 17.9.34622.214
MinimumVisualStudioVersion = 10.0.40219.1
Project("{FAE04EC0-301F-11D3-BF4B-00C04F79EFBC}") = "LAB01_TINOCO", "LAB01_TINOCO\LAB01_TINOCO.csproj", "{952A46EE-60D9-4D1B-823B-563748E90CE1}"
EndProject
Global
	GlobalSection(SolutionConfigurationPlatforms) = preSolution
		Debug|Any CPU = Debug|Any CPU
		Release|Any CPU = Release|Any CPU
	EndGlobalSection
	GlobalSection(ProjectConfigurationPlatforms) = postSolution
		{952A46EE-60D9-4D1B-823B-563748E90CE1}.Debug|Any CPU.ActiveCfg = Debug|Any CPU
		{952A46EE-60D9-4D1B-823B-563748E90CE1}.Debug|Any CPU.Build.0 = Debug|Any CPU
		{952A46EE-60D9-4D1B-823B-563748E90CE1}.Release|Any CPU.ActiveCfg = Release|Any CPU
		{952A46EE-60D9-4D1B-823B-563748E90CE1}.Release|Any CPU.Build.0 = Release|Any CPU
	EndGlobalSection
	GlobalSection(SolutionProperties) = preSolution
		HideSolutionNode = FALSE
	EndGlobalSection
	GlobalSection(ExtensibilityGlobals) = postSolution
		SolutionGuid = {362A73E4-1A8B-464D-B0B2-833A33B7A774}
	EndGlobalSection
EndGlobal
